// !$*UTF8*$!
{
	archiveVersion = 1;
	classes = {
	};
	objectVersion = 48;
	objects = {

/* Begin PBXBuildFile section */
		9F973F5F2081F541005901E9 /* AppDelegate.swift in Sources */ = {isa = PBXBuildFile; fileRef = 9F973F5E2081F541005901E9 /* AppDelegate.swift */; };
		9F973F612081F541005901E9 /* ViewController.swift in Sources */ = {isa = PBXBuildFile; fileRef = 9F973F602081F541005901E9 /* ViewController.swift */; };
		9F973F642081F541005901E9 /* Main.storyboard in Resources */ = {isa = PBXBuildFile; fileRef = 9F973F622081F541005901E9 /* Main.storyboard */; };
		9F973F662081F541005901E9 /* Assets.xcassets in Resources */ = {isa = PBXBuildFile; fileRef = 9F973F652081F541005901E9 /* Assets.xcassets */; };
		9F973F692081F541005901E9 /* LaunchScreen.storyboard in Resources */ = {isa = PBXBuildFile; fileRef = 9F973F672081F541005901E9 /* LaunchScreen.storyboard */; };
		9F973F742081F542005901E9 /* Automatic_Task_AppTests.swift in Sources */ = {isa = PBXBuildFile; fileRef = 9F973F732081F542005901E9 /* Automatic_Task_AppTests.swift */; };
		9F973F7F2081F542005901E9 /* Automatic_Task_AppUITests.swift in Sources */ = {isa = PBXBuildFile; fileRef = 9F973F7E2081F542005901E9 /* Automatic_Task_AppUITests.swift */; };
		9F973F8D2081F62F005901E9 /* pageViewController.swift in Sources */ = {isa = PBXBuildFile; fileRef = 9F973F8C2081F62F005901E9 /* pageViewController.swift */; };
		9F973F8F2081F78E005901E9 /* RootViewController.swift in Sources */ = {isa = PBXBuildFile; fileRef = 9F973F8E2081F78E005901E9 /* RootViewController.swift */; };
		9F973F912081F7CA005901E9 /* RootViewController.storyboard in Resources */ = {isa = PBXBuildFile; fileRef = 9F973F902081F7CA005901E9 /* RootViewController.storyboard */; };
		9F973F932081F801005901E9 /* pageViewController.storyboard in Resources */ = {isa = PBXBuildFile; fileRef = 9F973F922081F801005901E9 /* pageViewController.storyboard */; };
/* End PBXBuildFile section */

/* Begin PBXContainerItemProxy section */
		9F973F702081F542005901E9 /* PBXContainerItemProxy */ = {
			isa = PBXContainerItemProxy;
			containerPortal = 9F973F532081F541005901E9 /* Project object */;
			proxyType = 1;
			remoteGlobalIDString = 9F973F5A2081F541005901E9;
			remoteInfo = Automatic_Task_App;
		};
		9F973F7B2081F542005901E9 /* PBXContainerItemProxy */ = {
			isa = PBXContainerItemProxy;
			containerPortal = 9F973F532081F541005901E9 /* Project object */;
			proxyType = 1;
			remoteGlobalIDString = 9F973F5A2081F541005901E9;
			remoteInfo = Automatic_Task_App;
		};
/* End PBXContainerItemProxy section */

/* Begin PBXFileReference section */
		9F973F5B2081F541005901E9 /* Automatic_Task_App.app */ = {isa = PBXFileReference; explicitFileType = wrapper.application; includeInIndex = 0; path = Automatic_Task_App.app; sourceTree = BUILT_PRODUCTS_DIR; };
		9F973F5E2081F541005901E9 /* AppDelegate.swift */ = {isa = PBXFileReference; lastKnownFileType = sourcecode.swift; path = AppDelegate.swift; sourceTree = "<group>"; };
		9F973F602081F541005901E9 /* ViewController.swift */ = {isa = PBXFileReference; lastKnownFileType = sourcecode.swift; path = ViewController.swift; sourceTree = "<group>"; };
		9F973F632081F541005901E9 /* Base */ = {isa = PBXFileReference; lastKnownFileType = file.storyboard; name = Base; path = Base.lproj/Main.storyboard; sourceTree = "<group>"; };
		9F973F652081F541005901E9 /* Assets.xcassets */ = {isa = PBXFileReference; lastKnownFileType = folder.assetcatalog; path = Assets.xcassets; sourceTree = "<group>"; };
		9F973F682081F541005901E9 /* Base */ = {isa = PBXFileReference; lastKnownFileType = file.storyboard; name = Base; path = Base.lproj/LaunchScreen.storyboard; sourceTree = "<group>"; };
		9F973F6A2081F542005901E9 /* Info.plist */ = {isa = PBXFileReference; lastKnownFileType = text.plist.xml; path = Info.plist; sourceTree = "<group>"; };
		9F973F6F2081F542005901E9 /* Automatic_Task_AppTests.xctest */ = {isa = PBXFileReference; explicitFileType = wrapper.cfbundle; includeInIndex = 0; path = Automatic_Task_AppTests.xctest; sourceTree = BUILT_PRODUCTS_DIR; };
		9F973F732081F542005901E9 /* Automatic_Task_AppTests.swift */ = {isa = PBXFileReference; lastKnownFileType = sourcecode.swift; path = Automatic_Task_AppTests.swift; sourceTree = "<group>"; };
		9F973F752081F542005901E9 /* Info.plist */ = {isa = PBXFileReference; lastKnownFileType = text.plist.xml; path = Info.plist; sourceTree = "<group>"; };
		9F973F7A2081F542005901E9 /* Automatic_Task_AppUITests.xctest */ = {isa = PBXFileReference; explicitFileType = wrapper.cfbundle; includeInIndex = 0; path = Automatic_Task_AppUITests.xctest; sourceTree = BUILT_PRODUCTS_DIR; };
		9F973F7E2081F542005901E9 /* Automatic_Task_AppUITests.swift */ = {isa = PBXFileReference; lastKnownFileType = sourcecode.swift; path = Automatic_Task_AppUITests.swift; sourceTree = "<group>"; };
		9F973F802081F542005901E9 /* Info.plist */ = {isa = PBXFileReference; lastKnownFileType = text.plist.xml; path = Info.plist; sourceTree = "<group>"; };
		9F973F8C2081F62F005901E9 /* pageViewController.swift */ = {isa = PBXFileReference; lastKnownFileType = sourcecode.swift; path = pageViewController.swift; sourceTree = "<group>"; };
		9F973F8E2081F78E005901E9 /* RootViewController.swift */ = {isa = PBXFileReference; lastKnownFileType = sourcecode.swift; path = RootViewController.swift; sourceTree = "<group>"; };
		9F973F902081F7CA005901E9 /* RootViewController.storyboard */ = {isa = PBXFileReference; lastKnownFileType = file.storyboard; path = RootViewController.storyboard; sourceTree = "<group>"; };
		9F973F922081F801005901E9 /* pageViewController.storyboard */ = {isa = PBXFileReference; lastKnownFileType = file.storyboard; path = pageViewController.storyboard; sourceTree = "<group>"; };
/* End PBXFileReference section */

/* Begin PBXFrameworksBuildPhase section */
		9F973F582081F541005901E9 /* Frameworks */ = {
			isa = PBXFrameworksBuildPhase;
			buildActionMask = 2147483647;
			files = (
			);
			runOnlyForDeploymentPostprocessing = 0;
		};
		9F973F6C2081F542005901E9 /* Frameworks */ = {
			isa = PBXFrameworksBuildPhase;
			buildActionMask = 2147483647;
			files = (
			);
			runOnlyForDeploymentPostprocessing = 0;
		};
		9F973F772081F542005901E9 /* Frameworks */ = {
			isa = PBXFrameworksBuildPhase;
			buildActionMask = 2147483647;
			files = (
			);
			runOnlyForDeploymentPostprocessing = 0;
		};
/* End PBXFrameworksBuildPhase section */

/* Begin PBXGroup section */
		9F973F522081F541005901E9 = {
			isa = PBXGroup;
			children = (
				9F973F5D2081F541005901E9 /* Automatic_Task_App */,
				9F973F722081F542005901E9 /* Automatic_Task_AppTests */,
				9F973F7D2081F542005901E9 /* Automatic_Task_AppUITests */,
				9F973F5C2081F541005901E9 /* Products */,
			);
			sourceTree = "<group>";
		};
		9F973F5C2081F541005901E9 /* Products */ = {
			isa = PBXGroup;
			children = (
				9F973F5B2081F541005901E9 /* Automatic_Task_App.app */,
				9F973F6F2081F542005901E9 /* Automatic_Task_AppTests.xctest */,
				9F973F7A2081F542005901E9 /* Automatic_Task_AppUITests.xctest */,
			);
			name = Products;
			sourceTree = "<group>";
		};
		9F973F5D2081F541005901E9 /* Automatic_Task_App */ = {
			isa = PBXGroup;
			children = (
				9F973F5E2081F541005901E9 /* AppDelegate.swift */,
				9F973F602081F541005901E9 /* ViewController.swift */,
				9F973F8E2081F78E005901E9 /* RootViewController.swift */,
				9F973F8C2081F62F005901E9 /* pageViewController.swift */,
				9F973F622081F541005901E9 /* Main.storyboard */,
				9F973F902081F7CA005901E9 /* RootViewController.storyboard */,
				9F973F922081F801005901E9 /* pageViewController.storyboard */,
				9F973F652081F541005901E9 /* Assets.xcassets */,
				9F973F672081F541005901E9 /* LaunchScreen.storyboard */,
				9F973F6A2081F542005901E9 /* Info.plist */,
			);
			path = Automatic_Task_App;
			sourceTree = "<group>";
		};
		9F973F722081F542005901E9 /* Automatic_Task_AppTests */ = {
			isa = PBXGroup;
			children = (
				9F973F732081F542005901E9 /* Automatic_Task_AppTests.swift */,
				9F973F752081F542005901E9 /* Info.plist */,
			);
			path = Automatic_Task_AppTests;
			sourceTree = "<group>";
		};
		9F973F7D2081F542005901E9 /* Automatic_Task_AppUITests */ = {
			isa = PBXGroup;
			children = (
				9F973F7E2081F542005901E9 /* Automatic_Task_AppUITests.swift */,
				9F973F802081F542005901E9 /* Info.plist */,
			);
			path = Automatic_Task_AppUITests;
			sourceTree = "<group>";
		};
/* End PBXGroup section */

/* Begin PBXNativeTarget section */
		9F973F5A2081F541005901E9 /* Automatic_Task_App */ = {
			isa = PBXNativeTarget;
			buildConfigurationList = 9F973F832081F542005901E9 /* Build configuration list for PBXNativeTarget "Automatic_Task_App" */;
			buildPhases = (
				9F973F572081F541005901E9 /* Sources */,
				9F973F582081F541005901E9 /* Frameworks */,
				9F973F592081F541005901E9 /* Resources */,
			);
			buildRules = (
			);
			dependencies = (
			);
			name = Automatic_Task_App;
			productName = Automatic_Task_App;
			productReference = 9F973F5B2081F541005901E9 /* Automatic_Task_App.app */;
			productType = "com.apple.product-type.application";
		};
		9F973F6E2081F542005901E9 /* Automatic_Task_AppTests */ = {
			isa = PBXNativeTarget;
			buildConfigurationList = 9F973F862081F542005901E9 /* Build configuration list for PBXNativeTarget "Automatic_Task_AppTests" */;
			buildPhases = (
				9F973F6B2081F542005901E9 /* Sources */,
				9F973F6C2081F542005901E9 /* Frameworks */,
				9F973F6D2081F542005901E9 /* Resources */,
			);
			buildRules = (
			);
			dependencies = (
				9F973F712081F542005901E9 /* PBXTargetDependency */,
			);
			name = Automatic_Task_AppTests;
			productName = Automatic_Task_AppTests;
			productReference = 9F973F6F2081F542005901E9 /* Automatic_Task_AppTests.xctest */;
			productType = "com.apple.product-type.bundle.unit-test";
		};
		9F973F792081F542005901E9 /* Automatic_Task_AppUITests */ = {
			isa = PBXNativeTarget;
			buildConfigurationList = 9F973F892081F542005901E9 /* Build configuration list for PBXNativeTarget "Automatic_Task_AppUITests" */;
			buildPhases = (
				9F973F762081F542005901E9 /* Sources */,
				9F973F772081F542005901E9 /* Frameworks */,
				9F973F782081F542005901E9 /* Resources */,
			);
			buildRules = (
			);
			dependencies = (
				9F973F7C2081F542005901E9 /* PBXTargetDependency */,
			);
			name = Automatic_Task_AppUITests;
			productName = Automatic_Task_AppUITests;
			productReference = 9F973F7A2081F542005901E9 /* Automatic_Task_AppUITests.xctest */;
			productType = "com.apple.product-type.bundle.ui-testing";
		};
/* End PBXNativeTarget section */

/* Begin PBXProject section */
		9F973F532081F541005901E9 /* Project object */ = {
			isa = PBXProject;
			attributes = {
				LastSwiftUpdateCheck = 0920;
				LastUpgradeCheck = 0920;
				ORGANIZATIONNAME = "田嶋智洋";
				TargetAttributes = {
					9F973F5A2081F541005901E9 = {
						CreatedOnToolsVersion = 9.2;
						ProvisioningStyle = Automatic;
					};
					9F973F6E2081F542005901E9 = {
						CreatedOnToolsVersion = 9.2;
						ProvisioningStyle = Automatic;
						TestTargetID = 9F973F5A2081F541005901E9;
					};
					9F973F792081F542005901E9 = {
						CreatedOnToolsVersion = 9.2;
						ProvisioningStyle = Automatic;
						TestTargetID = 9F973F5A2081F541005901E9;
					};
				};
			};
			buildConfigurationList = 9F973F562081F541005901E9 /* Build configuration list for PBXProject "Automatic_Task_App" */;
			compatibilityVersion = "Xcode 8.0";
			developmentRegion = en;
			hasScannedForEncodings = 0;
			knownRegions = (
				en,
				Base,
			);
			mainGroup = 9F973F522081F541005901E9;
			productRefGroup = 9F973F5C2081F541005901E9 /* Products */;
			projectDirPath = "";
			projectRoot = "";
			targets = (
				9F973F5A2081F541005901E9 /* Automatic_Task_App */,
				9F973F6E2081F542005901E9 /* Automatic_Task_AppTests */,
				9F973F792081F542005901E9 /* Automatic_Task_AppUITests */,
			);
		};
/* End PBXProject section */

/* Begin PBXResourcesBuildPhase section */
		9F973F592081F541005901E9 /* Resources */ = {
			isa = PBXResourcesBuildPhase;
			buildActionMask = 2147483647;
			files = (
				9F973F692081F541005901E9 /* LaunchScreen.storyboard in Resources */,
				9F973F932081F801005901E9 /* pageViewController.storyboard in Resources */,
				9F973F662081F541005901E9 /* Assets.xcassets in Resources */,
				9F973F642081F541005901E9 /* Main.storyboard in Resources */,
				9F973F912081F7CA005901E9 /* RootViewController.storyboard in Resources */,
			);
			runOnlyForDeploymentPostprocessing = 0;
		};
		9F973F6D2081F542005901E9 /* Resources */ = {
			isa = PBXResourcesBuildPhase;
			buildActionMask = 2147483647;
			files = (
			);
			runOnlyForDeploymentPostprocessing = 0;
		};
		9F973F782081F542005901E9 /* Resources */ = {
			isa = PBXResourcesBuildPhase;
			buildActionMask = 2147483647;
			files = (
			);
			runOnlyForDeploymentPostprocessing = 0;
		};
/* End PBXResourcesBuildPhase section */

/* Begin PBXSourcesBuildPhase section */
		9F973F572081F541005901E9 /* Sources */ = {
			isa = PBXSourcesBuildPhase;
			buildActionMask = 2147483647;
			files = (
				9F973F612081F541005901E9 /* ViewController.swift in Sources */,
				9F973F5F2081F541005901E9 /* AppDelegate.swift in Sources */,
				9F973F8F2081F78E005901E9 /* RootViewController.swift in Sources */,
				9F973F8D2081F62F005901E9 /* pageViewController.swift in Sources */,
			);
			runOnlyForDeploymentPostprocessing = 0;
		};
		9F973F6B2081F542005901E9 /* Sources */ = {
			isa = PBXSourcesBuildPhase;
			buildActionMask = 2147483647;
			files = (
				9F973F742081F542005901E9 /* Automatic_Task_AppTests.swift in Sources */,
			);
			runOnlyForDeploymentPostprocessing = 0;
		};
		9F973F762081F542005901E9 /* Sources */ = {
			isa = PBXSourcesBuildPhase;
			buildActionMask = 2147483647;
			files = (
				9F973F7F2081F542005901E9 /* Automatic_Task_AppUITests.swift in Sources */,
			);
			runOnlyForDeploymentPostprocessing = 0;
		};
/* End PBXSourcesBuildPhase section */

/* Begin PBXTargetDependency section */
		9F973F712081F542005901E9 /* PBXTargetDependency */ = {
			isa = PBXTargetDependency;
			target = 9F973F5A2081F541005901E9 /* Automatic_Task_App */;
			targetProxy = 9F973F702081F542005901E9 /* PBXContainerItemProxy */;
		};
		9F973F7C2081F542005901E9 /* PBXTargetDependency */ = {
			isa = PBXTargetDependency;
			target = 9F973F5A2081F541005901E9 /* Automatic_Task_App */;
			targetProxy = 9F973F7B2081F542005901E9 /* PBXContainerItemProxy */;
		};
/* End PBXTargetDependency section */

/* Begin PBXVariantGroup section */
		9F973F622081F541005901E9 /* Main.storyboard */ = {
			isa = PBXVariantGroup;
			children = (
				9F973F632081F541005901E9 /* Base */,
			);
			name = Main.storyboard;
			sourceTree = "<group>";
		};
		9F973F672081F541005901E9 /* LaunchScreen.storyboard */ = {
			isa = PBXVariantGroup;
			children = (
				9F973F682081F541005901E9 /* Base */,
			);
			name = LaunchScreen.storyboard;
			sourceTree = "<group>";
		};
/* End PBXVariantGroup section */

/* Begin XCBuildConfiguration section */
		9F973F812081F542005901E9 /* Debug */ = {
			isa = XCBuildConfiguration;
			buildSettings = {
				ALWAYS_SEARCH_USER_PATHS = NO;
				CLANG_ANALYZER_NONNULL = YES;
				CLANG_ANALYZER_NUMBER_OBJECT_CONVERSION = YES_AGGRESSIVE;
				CLANG_CXX_LANGUAGE_STANDARD = "gnu++14";
				CLANG_CXX_LIBRARY = "libc++";
				CLANG_ENABLE_MODULES = YES;
				CLANG_ENABLE_OBJC_ARC = YES;
				CLANG_WARN_BLOCK_CAPTURE_AUTORELEASING = YES;
				CLANG_WARN_BOOL_CONVERSION = YES;
				CLANG_WARN_COMMA = YES;
				CLANG_WARN_CONSTANT_CONVERSION = YES;
				CLANG_WARN_DIRECT_OBJC_ISA_USAGE = YES_ERROR;
				CLANG_WARN_DOCUMENTATION_COMMENTS = YES;
				CLANG_WARN_EMPTY_BODY = YES;
				CLANG_WARN_ENUM_CONVERSION = YES;
				CLANG_WARN_INFINITE_RECURSION = YES;
				CLANG_WARN_INT_CONVERSION = YES;
				CLANG_WARN_NON_LITERAL_NULL_CONVERSION = YES;
				CLANG_WARN_OBJC_LITERAL_CONVERSION = YES;
				CLANG_WARN_OBJC_ROOT_CLASS = YES_ERROR;
				CLANG_WARN_RANGE_LOOP_ANALYSIS = YES;
				CLANG_WARN_STRICT_PROTOTYPES = YES;
				CLANG_WARN_SUSPICIOUS_MOVE = YES;
				CLANG_WARN_UNGUARDED_AVAILABILITY = YES_AGGRESSIVE;
				CLANG_WARN_UNREACHABLE_CODE = YES;
				CLANG_WARN__DUPLICATE_METHOD_MATCH = YES;
				CODE_SIGN_IDENTITY = "iPhone Developer";
				COPY_PHASE_STRIP = NO;
				DEBUG_INFORMATION_FORMAT = dwarf;
				ENABLE_STRICT_OBJC_MSGSEND = YES;
				ENABLE_TESTABILITY = YES;
				GCC_C_LANGUAGE_STANDARD = gnu11;
				GCC_DYNAMIC_NO_PIC = NO;
				GCC_NO_COMMON_BLOCKS = YES;
				GCC_OPTIMIZATION_LEVEL = 0;
				GCC_PREPROCESSOR_DEFINITIONS = (
					"DEBUG=1",
					"$(inherited)",
				);
				GCC_WARN_64_TO_32_BIT_CONVERSION = YES;
				GCC_WARN_ABOUT_RETURN_TYPE = YES_ERROR;
				GCC_WARN_UNDECLARED_SELECTOR = YES;
				GCC_WARN_UNINITIALIZED_AUTOS = YES_AGGRESSIVE;
				GCC_WARN_UNUSED_FUNCTION = YES;
				GCC_WARN_UNUSED_VARIABLE = YES;
				IPHONEOS_DEPLOYMENT_TARGET = 11.2;
				MTL_ENABLE_DEBUG_INFO = YES;
				ONLY_ACTIVE_ARCH = YES;
				SDKROOT = iphoneos;
				SWIFT_ACTIVE_COMPILATION_CONDITIONS = DEBUG;
				SWIFT_OPTIMIZATION_LEVEL = "-Onone";
			};
			name = Debug;
		};
		9F973F822081F542005901E9 /* Release */ = {
			isa = XCBuildConfiguration;
			buildSettings = {
				ALWAYS_SEARCH_USER_PATHS = NO;
				CLANG_ANALYZER_NONNULL = YES;
				CLANG_ANALYZER_NUMBER_OBJECT_CONVERSION = YES_AGGRESSIVE;
				CLANG_CXX_LANGUAGE_STANDARD = "gnu++14";
				CLANG_CXX_LIBRARY = "libc++";
				CLANG_ENABLE_MODULES = YES;
				CLANG_ENABLE_OBJC_ARC = YES;
				CLANG_WARN_BLOCK_CAPTURE_AUTORELEASING = YES;
				CLANG_WARN_BOOL_CONVERSION = YES;
				CLANG_WARN_COMMA = YES;
				CLANG_WARN_CONSTANT_CONVERSION = YES;
				CLANG_WARN_DIRECT_OBJC_ISA_USAGE = YES_ERROR;
				CLANG_WARN_DOCUMENTATION_COMMENTS = YES;
				CLANG_WARN_EMPTY_BODY = YES;
				CLANG_WARN_ENUM_CONVERSION = YES;
				CLANG_WARN_INFINITE_RECURSION = YES;
				CLANG_WARN_INT_CONVERSION = YES;
				CLANG_WARN_NON_LITERAL_NULL_CONVERSION = YES;
				CLANG_WARN_OBJC_LITERAL_CONVERSION = YES;
				CLANG_WARN_OBJC_ROOT_CLASS = YES_ERROR;
				CLANG_WARN_RANGE_LOOP_ANALYSIS = YES;
				CLANG_WARN_STRICT_PROTOTYPES = YES;
				CLANG_WARN_SUSPICIOUS_MOVE = YES;
				CLANG_WARN_UNGUARDED_AVAILABILITY = YES_AGGRESSIVE;
				CLANG_WARN_UNREACHABLE_CODE = YES;
				CLANG_WARN__DUPLICATE_METHOD_MATCH = YES;
				CODE_SIGN_IDENTITY = "iPhone Developer";
				COPY_PHASE_STRIP = NO;
				DEBUG_INFORMATION_FORMAT = "dwarf-with-dsym";
				ENABLE_NS_ASSERTIONS = NO;
				ENABLE_STRICT_OBJC_MSGSEND = YES;
				GCC_C_LANGUAGE_STANDARD = gnu11;
				GCC_NO_COMMON_BLOCKS = YES;
				GCC_WARN_64_TO_32_BIT_CONVERSION = YES;
				GCC_WARN_ABOUT_RETURN_TYPE = YES_ERROR;
				GCC_WARN_UNDECLARED_SELECTOR = YES;
				GCC_WARN_UNINITIALIZED_AUTOS = YES_AGGRESSIVE;
				GCC_WARN_UNUSED_FUNCTION = YES;
				GCC_WARN_UNUSED_VARIABLE = YES;
				IPHONEOS_DEPLOYMENT_TARGET = 11.2;
				MTL_ENABLE_DEBUG_INFO = NO;
				SDKROOT = iphoneos;
				SWIFT_OPTIMIZATION_LEVEL = "-Owholemodule";
				VALIDATE_PRODUCT = YES;
			};
			name = Release;
		};
		9F973F842081F542005901E9 /* Debug */ = {
			isa = XCBuildConfiguration;
			buildSettings = {
				ASSETCATALOG_COMPILER_APPICON_NAME = AppIcon;
				CODE_SIGN_STYLE = Automatic;
				DEVELOPMENT_TEAM = GH466Z9456;
				INFOPLIST_FILE = Automatic_Task_App/Info.plist;
				LD_RUNPATH_SEARCH_PATHS = "$(inherited) @executable_path/Frameworks";
				PRODUCT_BUNDLE_IDENTIFIER = "com.kapiha.Automatic-Task-App";
				PRODUCT_NAME = "$(TARGET_NAME)";
				SWIFT_VERSION = 4.0;
				TARGETED_DEVICE_FAMILY = "1,2";
			};
			name = Debug;
		};
		9F973F852081F542005901E9 /* Release */ = {
			isa = XCBuildConfiguration;
			buildSettings = {
				ASSETCATALOG_COMPILER_APPICON_NAME = AppIcon;
				CODE_SIGN_STYLE = Automatic;
				DEVELOPMENT_TEAM = GH466Z9456;
				INFOPLIST_FILE = Automatic_Task_App/Info.plist;
				LD_RUNPATH_SEARCH_PATHS = "$(inherited) @executable_path/Frameworks";
				PRODUCT_BUNDLE_IDENTIFIER = "com.kapiha.Automatic-Task-App";
				PRODUCT_NAME = "$(TARGET_NAME)";
				SWIFT_VERSION = 4.0;
				TARGETED_DEVICE_FAMILY = "1,2";
			};
			name = Release;
		};
		9F973F872081F542005901E9 /* Debug */ = {
			isa = XCBuildConfiguration;
			buildSettings = {
				ALWAYS_EMBED_SWIFT_STANDARD_LIBRARIES = YES;
				BUNDLE_LOADER = "$(TEST_HOST)";
				CODE_SIGN_STYLE = Automatic;
				DEVELOPMENT_TEAM = GH466Z9456;
				INFOPLIST_FILE = Automatic_Task_AppTests/Info.plist;
				LD_RUNPATH_SEARCH_PATHS = "$(inherited) @executable_path/Frameworks @loader_path/Frameworks";
				PRODUCT_BUNDLE_IDENTIFIER = "com.kapiha.Automatic-Task-AppTests";
				PRODUCT_NAME = "$(TARGET_NAME)";
				SWIFT_VERSION = 4.0;
				TARGETED_DEVICE_FAMILY = "1,2";
				TEST_HOST = "$(BUILT_PRODUCTS_DIR)/Automatic_Task_App.app/Automatic_Task_App";
			};
			name = Debug;
		};
		9F973F882081F542005901E9 /* Release */ = {
			isa = XCBuildConfiguration;
			buildSettings = {
				ALWAYS_EMBED_SWIFT_STANDARD_LIBRARIES = YES;
				BUNDLE_LOADER = "$(TEST_HOST)";
				CODE_SIGN_STYLE = Automatic;
				DEVELOPMENT_TEAM = GH466Z9456;
				INFOPLIST_FILE = Automatic_Task_AppTests/Info.plist;
				LD_RUNPATH_SEARCH_PATHS = "$(inherited) @executable_path/Frameworks @loader_path/Frameworks";
				PRODUCT_BUNDLE_IDENTIFIER = "com.kapiha.Automatic-Task-AppTests";
				PRODUCT_NAME = "$(TARGET_NAME)";
				SWIFT_VERSION = 4.0;
				TARGETED_DEVICE_FAMILY = "1,2";
				TEST_HOST = "$(BUILT_PRODUCTS_DIR)/Automatic_Task_App.app/Automatic_Task_App";
			};
			name = Release;
		};
		9F973F8A2081F542005901E9 /* Debug */ = {
			isa = XCBuildConfiguration;
			buildSettings = {
				ALWAYS_EMBED_SWIFT_STANDARD_LIBRARIES = YES;
				CODE_SIGN_STYLE = Automatic;
				DEVELOPMENT_TEAM = GH466Z9456;
				INFOPLIST_FILE = Automatic_Task_AppUITests/Info.plist;
				LD_RUNPATH_SEARCH_PATHS = "$(inherited) @executable_path/Frameworks @loader_path/Frameworks";
				PRODUCT_BUNDLE_IDENTIFIER = "com.kapiha.Automatic-Task-AppUITests";
				PRODUCT_NAME = "$(TARGET_NAME)";
				SWIFT_VERSION = 4.0;
				TARGETED_DEVICE_FAMILY = "1,2";
				TEST_TARGET_NAME = Automatic_Task_App;
			};
			name = Debug;
		};
		9F973F8B2081F542005901E9 /* Release */ = {
			isa = XCBuildConfiguration;
			buildSettings = {
				ALWAYS_EMBED_SWIFT_STANDARD_LIBRARIES = YES;
				CODE_SIGN_STYLE = Automatic;
				DEVELOPMENT_TEAM = GH466Z9456;
				INFOPLIST_FILE = Automatic_Task_AppUITests/Info.plist;
				LD_RUNPATH_SEARCH_PATHS = "$(inherited) @executable_path/Frameworks @loader_path/Frameworks";
				PRODUCT_BUNDLE_IDENTIFIER = "com.kapiha.Automatic-Task-AppUITests";
				PRODUCT_NAME = "$(TARGET_NAME)";
				SWIFT_VERSION = 4.0;
				TARGETED_DEVICE_FAMILY = "1,2";
				TEST_TARGET_NAME = Automatic_Task_App;
			};
			name = Release;
		};
/* End XCBuildConfiguration section */

/* Begin XCConfigurationList section */
		9F973F562081F541005901E9 /* Build configuration list for PBXProject "Automatic_Task_App" */ = {
			isa = XCConfigurationList;
			buildConfigurations = (
				9F973F812081F542005901E9 /* Debug */,
				9F973F822081F542005901E9 /* Release */,
			);
			defaultConfigurationIsVisible = 0;
			defaultConfigurationName = Release;
		};
		9F973F832081F542005901E9 /* Build configuration list for PBXNativeTarget "Automatic_Task_App" */ = {
			isa = XCConfigurationList;
			buildConfigurations = (
				9F973F842081F542005901E9 /* Debug */,
				9F973F852081F542005901E9 /* Release */,
			);
			defaultConfigurationIsVisible = 0;
			defaultConfigurationName = Release;
		};
		9F973F862081F542005901E9 /* Build configuration list for PBXNativeTarget "Automatic_Task_AppTests" */ = {
			isa = XCConfigurationList;
			buildConfigurations = (
				9F973F872081F542005901E9 /* Debug */,
				9F973F882081F542005901E9 /* Release */,
			);
			defaultConfigurationIsVisible = 0;
			defaultConfigurationName = Release;
		};
		9F973F892081F542005901E9 /* Build configuration list for PBXNativeTarget "Automatic_Task_AppUITests" */ = {
			isa = XCConfigurationList;
			buildConfigurations = (
				9F973F8A2081F542005901E9 /* Debug */,
				9F973F8B2081F542005901E9 /* Release */,
			);
			defaultConfigurationIsVisible = 0;
			defaultConfigurationName = Release;
		};
/* End XCConfigurationList section */
	};
	rootObject = 9F973F532081F541005901E9 /* Project object */;
}
